
Microsoft Visual Studio Solution File, Format Version 12.00
# Visual Studio Version 16
VisualStudioVersion = 16.0.32002.261
MinimumVisualStudioVersion = 10.0.40219.1
Project("{F184B08F-C81C-45F6-A57F-5ABD9991F28F}") = "FirstProgram", "FirstProgram\FirstProgram.vbproj", "{7D07CDAC-9C59-4929-812F-E2F7909E4F45}"
EndProject
Global
	GlobalSection(SolutionConfigurationPlatforms) = preSolution
		Debug|Any CPU = Debug|Any CPU
		Release|Any CPU = Release|Any CPU
	EndGlobalSection
	GlobalSection(ProjectConfigurationPlatforms) = postSolution
		{7D07CDAC-9C59-4929-812F-E2F7909E4F45}.Debug|Any CPU.ActiveCfg = Debug|Any CPU
		{7D07CDAC-9C59-4929-812F-E2F7909E4F45}.Debug|Any CPU.Build.0 = Debug|Any CPU
		{7D07CDAC-9C59-4929-812F-E2F7909E4F45}.Release|Any CPU.ActiveCfg = Release|Any CPU
		{7D07CDAC-9C59-4929-812F-E2F7909E4F45}.Release|Any CPU.Build.0 = Release|Any CPU
	EndGlobalSection
	GlobalSection(SolutionProperties) = preSolution
		HideSolutionNode = FALSE
	EndGlobalSection
	GlobalSection(ExtensibilityGlobals) = postSolution
		SolutionGuid = {55F0B232-3854-41D2-8552-314B540B3588}
	EndGlobalSection
EndGlobal
